
Microsoft Visual Studio Solution File, Format Version 12.00
# Visual Studio Version 17
VisualStudioVersion = 17.11.35222.181
MinimumVisualStudioVersion = 10.0.40219.1
Project("{FAE04EC0-301F-11D3-BF4B-00C04F79EFBC}") = "feladat3", "feladat3\feladat3.csproj", "{80033CF4-A507-4C0C-8895-21180E14291C}"
EndProject
Global
	GlobalSection(SolutionConfigurationPlatforms) = preSolution
		Debug|Any CPU = Debug|Any CPU
		Release|Any CPU = Release|Any CPU
	EndGlobalSection
	GlobalSection(ProjectConfigurationPlatforms) = postSolution
		{80033CF4-A507-4C0C-8895-21180E14291C}.Debug|Any CPU.ActiveCfg = Debug|Any CPU
		{80033CF4-A507-4C0C-8895-21180E14291C}.Debug|Any CPU.Build.0 = Debug|Any CPU
		{80033CF4-A507-4C0C-8895-21180E14291C}.Release|Any CPU.ActiveCfg = Release|Any CPU
		{80033CF4-A507-4C0C-8895-21180E14291C}.Release|Any CPU.Build.0 = Release|Any CPU
	EndGlobalSection
	GlobalSection(SolutionProperties) = preSolution
		HideSolutionNode = FALSE
	EndGlobalSection
	GlobalSection(ExtensibilityGlobals) = postSolution
		SolutionGuid = {03C73A13-8C25-4CA4-A7C1-030130EE7363}
	EndGlobalSection
EndGlobal
